
Microsoft Visual Studio Solution File, Format Version 12.00
# Visual Studio Version 17
VisualStudioVersion = 17.0.31903.59
MinimumVisualStudioVersion = 10.0.40219.1
Project("{8BC9CEB8-8B4A-11D0-8D11-00A0C91BC942}") = "Task 3-1", "Task 3-1.vcxproj", "{D218DA80-85C1-4ED8-A9CC-9221240A6022}"
EndProject
Project("{8BC9CEB8-8B4A-11D0-8D11-00A0C91BC942}") = "Task 3-2", "..\Task 3-2\Task 3-2.vcxproj", "{C67B4072-40C9-42DF-969E-5520865F1A10}"
EndProject
Project("{8BC9CEB8-8B4A-11D0-8D11-00A0C91BC942}") = "Task 3-3", "..\Task 3-3\Task 3-3.vcxproj", "{A9EE733B-41C9-47AA-A154-BEE95121AE55}"
EndProject
Global
	GlobalSection(SolutionConfigurationPlatforms) = preSolution
		Debug|x64 = Debug|x64
		Debug|x86 = Debug|x86
		Release|x64 = Release|x64
		Release|x86 = Release|x86
	EndGlobalSection
	GlobalSection(ProjectConfigurationPlatforms) = postSolution
		{D218DA80-85C1-4ED8-A9CC-9221240A6022}.Debug|x64.ActiveCfg = Debug|x64
		{D218DA80-85C1-4ED8-A9CC-9221240A6022}.Debug|x64.Build.0 = Debug|x64
		{D218DA80-85C1-4ED8-A9CC-9221240A6022}.Debug|x86.ActiveCfg = Debug|Win32
		{D218DA80-85C1-4ED8-A9CC-9221240A6022}.Debug|x86.Build.0 = Debug|Win32
		{D218DA80-85C1-4ED8-A9CC-9221240A6022}.Release|x64.ActiveCfg = Release|x64
		{D218DA80-85C1-4ED8-A9CC-9221240A6022}.Release|x64.Build.0 = Release|x64
		{D218DA80-85C1-4ED8-A9CC-9221240A6022}.Release|x86.ActiveCfg = Release|Win32
		{D218DA80-85C1-4ED8-A9CC-9221240A6022}.Release|x86.Build.0 = Release|Win32
		{C67B4072-40C9-42DF-969E-5520865F1A10}.Debug|x64.ActiveCfg = Debug|x64
		{C67B4072-40C9-42DF-969E-5520865F1A10}.Debug|x64.Build.0 = Debug|x64
		{C67B4072-40C9-42DF-969E-5520865F1A10}.Debug|x86.ActiveCfg = Debug|Win32
		{C67B4072-40C9-42DF-969E-5520865F1A10}.Debug|x86.Build.0 = Debug|Win32
		{C67B4072-40C9-42DF-969E-5520865F1A10}.Release|x64.ActiveCfg = Release|x64
		{C67B4072-40C9-42DF-969E-5520865F1A10}.Release|x64.Build.0 = Release|x64
		{C67B4072-40C9-42DF-969E-5520865F1A10}.Release|x86.ActiveCfg = Release|Win32
		{C67B4072-40C9-42DF-969E-5520865F1A10}.Release|x86.Build.0 = Release|Win32
		{A9EE733B-41C9-47AA-A154-BEE95121AE55}.Debug|x64.ActiveCfg = Debug|x64
		{A9EE733B-41C9-47AA-A154-BEE95121AE55}.Debug|x64.Build.0 = Debug|x64
		{A9EE733B-41C9-47AA-A154-BEE95121AE55}.Debug|x86.ActiveCfg = Debug|Win32
		{A9EE733B-41C9-47AA-A154-BEE95121AE55}.Debug|x86.Build.0 = Debug|Win32
		{A9EE733B-41C9-47AA-A154-BEE95121AE55}.Release|x64.ActiveCfg = Release|x64
		{A9EE733B-41C9-47AA-A154-BEE95121AE55}.Release|x64.Build.0 = Release|x64
		{A9EE733B-41C9-47AA-A154-BEE95121AE55}.Release|x86.ActiveCfg = Release|Win32
		{A9EE733B-41C9-47AA-A154-BEE95121AE55}.Release|x86.Build.0 = Release|Win32
	EndGlobalSection
	GlobalSection(SolutionProperties) = preSolution
		HideSolutionNode = FALSE
	EndGlobalSection
	GlobalSection(ExtensibilityGlobals) = postSolution
		SolutionGuid = {E19589D4-786E-4EC9-AB22-E2321FC97AD5}
	EndGlobalSection
EndGlobal
